# Lockfile de dependências — versões exactas resolvidas (fecho transitivo
# completo) do ambiente de validação do projecto.
#
# requirements.txt usa intervalos (>=,<) para flexibilidade de desenvolvimento;
# este ficheiro fixa versões exactas para builds reproduzíveis e auditáveis
# (ex.: releases, CI, investigação de regressões de dependências).
#
# Uso (instalação reproduzível):
#     python -m venv .venv
#     .venv/bin/python -m pip install -r requirements.lock
#
# Regenerar após atualizar requirements.txt:
#     .venv/bin/python -m pip install -r requirements.txt
#     .venv/bin/python -m pip freeze > requirements.lock
#
# Gerado a partir do ambiente .venv (SUMO 1.26.0, Python 3.11/3.12).
annotated-doc==0.0.4
annotated-types==0.7.0
anyio==4.13.0
click==8.4.0
defusedxml==0.7.1
eclipse-sumo==1.26.0
fastapi==0.136.1
h11==0.16.0
httptools==0.7.1
iniconfig==2.3.0
itsdangerous==2.2.0
packaging==26.2
pluggy==1.6.0
pydantic==2.13.4
pydantic_core==2.46.4
Pygments==2.20.0
pytest==9.0.3
python-dotenv==1.2.2
python-multipart==0.0.29
PyYAML==6.0.3
starlette==1.0.0
sumolib==1.26.0
traci==1.26.0
typing-inspection==0.4.2
typing_extensions==4.15.0
uvicorn==0.47.0
uvloop==0.22.1
watchfiles==1.2.0
websockets==16.0
